
Microsoft Visual Studio Solution File, Format Version 12.00
# Visual Studio 15
VisualStudioVersion = 15.0.26124.0
MinimumVisualStudioVersion = 15.0.26124.0
Project("{2150E333-8FDC-42A3-9474-1A3956D46DE8}") = "Code", "Code", "{C8638251-0A65-4010-95B5-6F9A9DF0EC82}"
EndProject
Project("{FAE04EC0-301F-11D3-BF4B-00C04F79EFBC}") = "Backend.Api", "Code\Backend.Api\Backend.Api.csproj", "{40DC34FC-DF91-4A40-AB6C-B246C5B97155}"
EndProject
Project("{FAE04EC0-301F-11D3-BF4B-00C04F79EFBC}") = "Backend.Business", "Code\Backend.Business\Backend.Business.csproj", "{F7235689-30F3-4BA7-AFE4-F2DF268ADF87}"
EndProject
Project("{FAE04EC0-301F-11D3-BF4B-00C04F79EFBC}") = "Backend.Data", "Code\Backend.Data\Backend.Data.csproj", "{219E3BF9-8CC7-407B-85F0-3D5ED2187658}"
EndProject
Project("{FAE04EC0-301F-11D3-BF4B-00C04F79EFBC}") = "Backend.Entities", "Code\Backend.Entities\Backend.Entities.csproj", "{78452FF5-7A49-4AAE-854D-9D18B584CB50}"
EndProject
Project("{FAE04EC0-301F-11D3-BF4B-00C04F79EFBC}") = "Backend.Test.Api", "Code\Backend.Test.Api\Backend.Test.Api.csproj", "{CD74998F-F65A-459B-8241-0B7DD1E48FAF}"
EndProject
Project("{FAE04EC0-301F-11D3-BF4B-00C04F79EFBC}") = "Backend.Test.Business", "Code\Backend.Test.Business\Backend.Test.Business.csproj", "{4396EC8C-1C05-45B5-9001-2704B8CA2B45}"
EndProject
Project("{FAE04EC0-301F-11D3-BF4B-00C04F79EFBC}") = "Backend.Test.Framework", "Code\Backend.Test.Framework\Backend.Test.Framework.csproj", "{86892C24-C893-4E5E-ADD4-66B025923AB0}"
EndProject
Project("{2150E333-8FDC-42A3-9474-1A3956D46DE8}") = "Test", "Test", "{ABBCFBA4-48E0-4728-8324-23F74D748612}"
EndProject
Global
	GlobalSection(SolutionConfigurationPlatforms) = preSolution
		Debug|Any CPU = Debug|Any CPU
		Debug|x64 = Debug|x64
		Debug|x86 = Debug|x86
		Release|Any CPU = Release|Any CPU
		Release|x64 = Release|x64
		Release|x86 = Release|x86
	EndGlobalSection
	GlobalSection(SolutionProperties) = preSolution
		HideSolutionNode = FALSE
	EndGlobalSection
	GlobalSection(ProjectConfigurationPlatforms) = postSolution
		{40DC34FC-DF91-4A40-AB6C-B246C5B97155}.Debug|Any CPU.ActiveCfg = Debug|Any CPU
		{40DC34FC-DF91-4A40-AB6C-B246C5B97155}.Debug|Any CPU.Build.0 = Debug|Any CPU
		{40DC34FC-DF91-4A40-AB6C-B246C5B97155}.Debug|x64.ActiveCfg = Debug|Any CPU
		{40DC34FC-DF91-4A40-AB6C-B246C5B97155}.Debug|x64.Build.0 = Debug|Any CPU
		{40DC34FC-DF91-4A40-AB6C-B246C5B97155}.Debug|x86.ActiveCfg = Debug|Any CPU
		{40DC34FC-DF91-4A40-AB6C-B246C5B97155}.Debug|x86.Build.0 = Debug|Any CPU
		{40DC34FC-DF91-4A40-AB6C-B246C5B97155}.Release|Any CPU.ActiveCfg = Release|Any CPU
		{40DC34FC-DF91-4A40-AB6C-B246C5B97155}.Release|Any CPU.Build.0 = Release|Any CPU
		{40DC34FC-DF91-4A40-AB6C-B246C5B97155}.Release|x64.ActiveCfg = Release|Any CPU
		{40DC34FC-DF91-4A40-AB6C-B246C5B97155}.Release|x64.Build.0 = Release|Any CPU
		{40DC34FC-DF91-4A40-AB6C-B246C5B97155}.Release|x86.ActiveCfg = Release|Any CPU
		{40DC34FC-DF91-4A40-AB6C-B246C5B97155}.Release|x86.Build.0 = Release|Any CPU
		{F7235689-30F3-4BA7-AFE4-F2DF268ADF87}.Debug|Any CPU.ActiveCfg = Debug|Any CPU
		{F7235689-30F3-4BA7-AFE4-F2DF268ADF87}.Debug|Any CPU.Build.0 = Debug|Any CPU
		{F7235689-30F3-4BA7-AFE4-F2DF268ADF87}.Debug|x64.ActiveCfg = Debug|Any CPU
		{F7235689-30F3-4BA7-AFE4-F2DF268ADF87}.Debug|x64.Build.0 = Debug|Any CPU
		{F7235689-30F3-4BA7-AFE4-F2DF268ADF87}.Debug|x86.ActiveCfg = Debug|Any CPU
		{F7235689-30F3-4BA7-AFE4-F2DF268ADF87}.Debug|x86.Build.0 = Debug|Any CPU
		{F7235689-30F3-4BA7-AFE4-F2DF268ADF87}.Release|Any CPU.ActiveCfg = Release|Any CPU
		{F7235689-30F3-4BA7-AFE4-F2DF268ADF87}.Release|Any CPU.Build.0 = Release|Any CPU
		{F7235689-30F3-4BA7-AFE4-F2DF268ADF87}.Release|x64.ActiveCfg = Release|Any CPU
		{F7235689-30F3-4BA7-AFE4-F2DF268ADF87}.Release|x64.Build.0 = Release|Any CPU
		{F7235689-30F3-4BA7-AFE4-F2DF268ADF87}.Release|x86.ActiveCfg = Release|Any CPU
		{F7235689-30F3-4BA7-AFE4-F2DF268ADF87}.Release|x86.Build.0 = Release|Any CPU
		{219E3BF9-8CC7-407B-85F0-3D5ED2187658}.Debug|Any CPU.ActiveCfg = Debug|Any CPU
		{219E3BF9-8CC7-407B-85F0-3D5ED2187658}.Debug|Any CPU.Build.0 = Debug|Any CPU
		{219E3BF9-8CC7-407B-85F0-3D5ED2187658}.Debug|x64.ActiveCfg = Debug|Any CPU
		{219E3BF9-8CC7-407B-85F0-3D5ED2187658}.Debug|x64.Build.0 = Debug|Any CPU
		{219E3BF9-8CC7-407B-85F0-3D5ED2187658}.Debug|x86.ActiveCfg = Debug|Any CPU
		{219E3BF9-8CC7-407B-85F0-3D5ED2187658}.Debug|x86.Build.0 = Debug|Any CPU
		{219E3BF9-8CC7-407B-85F0-3D5ED2187658}.Release|Any CPU.ActiveCfg = Release|Any CPU
		{219E3BF9-8CC7-407B-85F0-3D5ED2187658}.Release|Any CPU.Build.0 = Release|Any CPU
		{219E3BF9-8CC7-407B-85F0-3D5ED2187658}.Release|x64.ActiveCfg = Release|Any CPU
		{219E3BF9-8CC7-407B-85F0-3D5ED2187658}.Release|x64.Build.0 = Release|Any CPU
		{219E3BF9-8CC7-407B-85F0-3D5ED2187658}.Release|x86.ActiveCfg = Release|Any CPU
		{219E3BF9-8CC7-407B-85F0-3D5ED2187658}.Release|x86.Build.0 = Release|Any CPU
		{78452FF5-7A49-4AAE-854D-9D18B584CB50}.Debug|Any CPU.ActiveCfg = Debug|Any CPU
		{78452FF5-7A49-4AAE-854D-9D18B584CB50}.Debug|Any CPU.Build.0 = Debug|Any CPU
		{78452FF5-7A49-4AAE-854D-9D18B584CB50}.Debug|x64.ActiveCfg = Debug|Any CPU
		{78452FF5-7A49-4AAE-854D-9D18B584CB50}.Debug|x64.Build.0 = Debug|Any CPU
		{78452FF5-7A49-4AAE-854D-9D18B584CB50}.Debug|x86.ActiveCfg = Debug|Any CPU
		{78452FF5-7A49-4AAE-854D-9D18B584CB50}.Debug|x86.Build.0 = Debug|Any CPU
		{78452FF5-7A49-4AAE-854D-9D18B584CB50}.Release|Any CPU.ActiveCfg = Release|Any CPU
		{78452FF5-7A49-4AAE-854D-9D18B584CB50}.Release|Any CPU.Build.0 = Release|Any CPU
		{78452FF5-7A49-4AAE-854D-9D18B584CB50}.Release|x64.ActiveCfg = Release|Any CPU
		{78452FF5-7A49-4AAE-854D-9D18B584CB50}.Release|x64.Build.0 = Release|Any CPU
		{78452FF5-7A49-4AAE-854D-9D18B584CB50}.Release|x86.ActiveCfg = Release|Any CPU
		{78452FF5-7A49-4AAE-854D-9D18B584CB50}.Release|x86.Build.0 = Release|Any CPU
		{CD74998F-F65A-459B-8241-0B7DD1E48FAF}.Debug|Any CPU.ActiveCfg = Debug|Any CPU
		{CD74998F-F65A-459B-8241-0B7DD1E48FAF}.Debug|Any CPU.Build.0 = Debug|Any CPU
		{CD74998F-F65A-459B-8241-0B7DD1E48FAF}.Debug|x64.ActiveCfg = Debug|Any CPU
		{CD74998F-F65A-459B-8241-0B7DD1E48FAF}.Debug|x64.Build.0 = Debug|Any CPU
		{CD74998F-F65A-459B-8241-0B7DD1E48FAF}.Debug|x86.ActiveCfg = Debug|Any CPU
		{CD74998F-F65A-459B-8241-0B7DD1E48FAF}.Debug|x86.Build.0 = Debug|Any CPU
		{CD74998F-F65A-459B-8241-0B7DD1E48FAF}.Release|Any CPU.ActiveCfg = Release|Any CPU
		{CD74998F-F65A-459B-8241-0B7DD1E48FAF}.Release|Any CPU.Build.0 = Release|Any CPU
		{CD74998F-F65A-459B-8241-0B7DD1E48FAF}.Release|x64.ActiveCfg = Release|Any CPU
		{CD74998F-F65A-459B-8241-0B7DD1E48FAF}.Release|x64.Build.0 = Release|Any CPU
		{CD74998F-F65A-459B-8241-0B7DD1E48FAF}.Release|x86.ActiveCfg = Release|Any CPU
		{CD74998F-F65A-459B-8241-0B7DD1E48FAF}.Release|x86.Build.0 = Release|Any CPU
		{4396EC8C-1C05-45B5-9001-2704B8CA2B45}.Debug|Any CPU.ActiveCfg = Debug|Any CPU
		{4396EC8C-1C05-45B5-9001-2704B8CA2B45}.Debug|Any CPU.Build.0 = Debug|Any CPU
		{4396EC8C-1C05-45B5-9001-2704B8CA2B45}.Debug|x64.ActiveCfg = Debug|Any CPU
		{4396EC8C-1C05-45B5-9001-2704B8CA2B45}.Debug|x64.Build.0 = Debug|Any CPU
		{4396EC8C-1C05-45B5-9001-2704B8CA2B45}.Debug|x86.ActiveCfg = Debug|Any CPU
		{4396EC8C-1C05-45B5-9001-2704B8CA2B45}.Debug|x86.Build.0 = Debug|Any CPU
		{4396EC8C-1C05-45B5-9001-2704B8CA2B45}.Release|Any CPU.ActiveCfg = Release|Any CPU
		{4396EC8C-1C05-45B5-9001-2704B8CA2B45}.Release|Any CPU.Build.0 = Release|Any CPU
		{4396EC8C-1C05-45B5-9001-2704B8CA2B45}.Release|x64.ActiveCfg = Release|Any CPU
		{4396EC8C-1C05-45B5-9001-2704B8CA2B45}.Release|x64.Build.0 = Release|Any CPU
		{4396EC8C-1C05-45B5-9001-2704B8CA2B45}.Release|x86.ActiveCfg = Release|Any CPU
		{4396EC8C-1C05-45B5-9001-2704B8CA2B45}.Release|x86.Build.0 = Release|Any CPU
		{86892C24-C893-4E5E-ADD4-66B025923AB0}.Debug|Any CPU.ActiveCfg = Debug|Any CPU
		{86892C24-C893-4E5E-ADD4-66B025923AB0}.Debug|Any CPU.Build.0 = Debug|Any CPU
		{86892C24-C893-4E5E-ADD4-66B025923AB0}.Debug|x64.ActiveCfg = Debug|Any CPU
		{86892C24-C893-4E5E-ADD4-66B025923AB0}.Debug|x64.Build.0 = Debug|Any CPU
		{86892C24-C893-4E5E-ADD4-66B025923AB0}.Debug|x86.ActiveCfg = Debug|Any CPU
		{86892C24-C893-4E5E-ADD4-66B025923AB0}.Debug|x86.Build.0 = Debug|Any CPU
		{86892C24-C893-4E5E-ADD4-66B025923AB0}.Release|Any CPU.ActiveCfg = Release|Any CPU
		{86892C24-C893-4E5E-ADD4-66B025923AB0}.Release|Any CPU.Build.0 = Release|Any CPU
		{86892C24-C893-4E5E-ADD4-66B025923AB0}.Release|x64.ActiveCfg = Release|Any CPU
		{86892C24-C893-4E5E-ADD4-66B025923AB0}.Release|x64.Build.0 = Release|Any CPU
		{86892C24-C893-4E5E-ADD4-66B025923AB0}.Release|x86.ActiveCfg = Release|Any CPU
		{86892C24-C893-4E5E-ADD4-66B025923AB0}.Release|x86.Build.0 = Release|Any CPU
	EndGlobalSection
	GlobalSection(NestedProjects) = preSolution
		{40DC34FC-DF91-4A40-AB6C-B246C5B97155} = {C8638251-0A65-4010-95B5-6F9A9DF0EC82}
		{F7235689-30F3-4BA7-AFE4-F2DF268ADF87} = {C8638251-0A65-4010-95B5-6F9A9DF0EC82}
		{219E3BF9-8CC7-407B-85F0-3D5ED2187658} = {C8638251-0A65-4010-95B5-6F9A9DF0EC82}
		{78452FF5-7A49-4AAE-854D-9D18B584CB50} = {C8638251-0A65-4010-95B5-6F9A9DF0EC82}
		{CD74998F-F65A-459B-8241-0B7DD1E48FAF} = {ABBCFBA4-48E0-4728-8324-23F74D748612}
		{4396EC8C-1C05-45B5-9001-2704B8CA2B45} = {ABBCFBA4-48E0-4728-8324-23F74D748612}
		{86892C24-C893-4E5E-ADD4-66B025923AB0} = {ABBCFBA4-48E0-4728-8324-23F74D748612}
	EndGlobalSection
EndGlobal
